// !$*UTF8*$!
{
	archiveVersion = 1;
	classes = {
	};
	objectVersion = 50;
	objects = {

/* Begin PBXBuildFile section */
		53CADACF24AB66D7005B1C46 /* MockURLSession.swift in Sources */ = {isa = PBXBuildFile; fileRef = 53CADACE24AB66D7005B1C46 /* MockURLSession.swift */; };
		53CADAD124AB691E005B1C46 /* MockModel.swift in Sources */ = {isa = PBXBuildFile; fileRef = 53CADAD024AB691E005B1C46 /* MockModel.swift */; };
		53CADAD424AB7D01005B1C46 /* APITest.swift in Sources */ = {isa = PBXBuildFile; fileRef = 53CADAD324AB7D01005B1C46 /* APITest.swift */; };
		53CADAD624AB7E7E005B1C46 /* EndPoint.swift in Sources */ = {isa = PBXBuildFile; fileRef = 53CADAD524AB7E7E005B1C46 /* EndPoint.swift */; };
		53D33E7D24AA12A100AC3BD9 /* AppDelegate.swift in Sources */ = {isa = PBXBuildFile; fileRef = 53D33E7C24AA12A100AC3BD9 /* AppDelegate.swift */; };
		53D33E7F24AA12A100AC3BD9 /* SceneDelegate.swift in Sources */ = {isa = PBXBuildFile; fileRef = 53D33E7E24AA12A100AC3BD9 /* SceneDelegate.swift */; };
		53D33E8124AA12A100AC3BD9 /* ViewController.swift in Sources */ = {isa = PBXBuildFile; fileRef = 53D33E8024AA12A100AC3BD9 /* ViewController.swift */; };
		53D33E8424AA12A100AC3BD9 /* Main.storyboard in Resources */ = {isa = PBXBuildFile; fileRef = 53D33E8224AA12A100AC3BD9 /* Main.storyboard */; };
		53D33E8624AA12A200AC3BD9 /* Assets.xcassets in Resources */ = {isa = PBXBuildFile; fileRef = 53D33E8524AA12A200AC3BD9 /* Assets.xcassets */; };
		53D33E8924AA12A200AC3BD9 /* LaunchScreen.storyboard in Resources */ = {isa = PBXBuildFile; fileRef = 53D33E8724AA12A200AC3BD9 /* LaunchScreen.storyboard */; };
		53D33E9424AA12A200AC3BD9 /* LastFMSearchTests.swift in Sources */ = {isa = PBXBuildFile; fileRef = 53D33E9324AA12A200AC3BD9 /* LastFMSearchTests.swift */; };
		53D33E9F24AA12A200AC3BD9 /* LastFMSearchUITests.swift in Sources */ = {isa = PBXBuildFile; fileRef = 53D33E9E24AA12A200AC3BD9 /* LastFMSearchUITests.swift */; };
		53D33EAD24AA732400AC3BD9 /* SearchResultViewController.swift in Sources */ = {isa = PBXBuildFile; fileRef = 53D33EAC24AA732400AC3BD9 /* SearchResultViewController.swift */; };
		53D33EAF24AA78B100AC3BD9 /* APIRequestProcessor.swift in Sources */ = {isa = PBXBuildFile; fileRef = 53D33EAE24AA78B100AC3BD9 /* APIRequestProcessor.swift */; };
		53D33EB124AA78F100AC3BD9 /* URLConstructor.swift in Sources */ = {isa = PBXBuildFile; fileRef = 53D33EB024AA78F100AC3BD9 /* URLConstructor.swift */; };
		53D33EB324AA791D00AC3BD9 /* Header.swift in Sources */ = {isa = PBXBuildFile; fileRef = 53D33EB224AA791D00AC3BD9 /* Header.swift */; };
		53D33EB524AA7B1900AC3BD9 /* ResultTableViewModel.swift in Sources */ = {isa = PBXBuildFile; fileRef = 53D33EB424AA7B1900AC3BD9 /* ResultTableViewModel.swift */; };
		53D33EB724AA7B5900AC3BD9 /* GCDHelper.swift in Sources */ = {isa = PBXBuildFile; fileRef = 53D33EB624AA7B5900AC3BD9 /* GCDHelper.swift */; };
		53D33EB924AA7B7800AC3BD9 /* UIImage+Extension.swift in Sources */ = {isa = PBXBuildFile; fileRef = 53D33EB824AA7B7800AC3BD9 /* UIImage+Extension.swift */; };
		53D33EBB24AA7B9D00AC3BD9 /* Artist.swift in Sources */ = {isa = PBXBuildFile; fileRef = 53D33EBA24AA7B9D00AC3BD9 /* Artist.swift */; };
		53D33EBD24AA7BD000AC3BD9 /* Track.swift in Sources */ = {isa = PBXBuildFile; fileRef = 53D33EBC24AA7BD000AC3BD9 /* Track.swift */; };
		53D33EBF24AA7BEF00AC3BD9 /* Album.swift in Sources */ = {isa = PBXBuildFile; fileRef = 53D33EBE24AA7BEF00AC3BD9 /* Album.swift */; };
		53D33EC124AA7C0800AC3BD9 /* Image.swift in Sources */ = {isa = PBXBuildFile; fileRef = 53D33EC024AA7C0800AC3BD9 /* Image.swift */; };
		53D33EC324AA7C1C00AC3BD9 /* Results.swift in Sources */ = {isa = PBXBuildFile; fileRef = 53D33EC224AA7C1C00AC3BD9 /* Results.swift */; };
		53D33EC524AA7C5200AC3BD9 /* ResultBuilder.swift in Sources */ = {isa = PBXBuildFile; fileRef = 53D33EC424AA7C5200AC3BD9 /* ResultBuilder.swift */; };
		53D33EC724AA7CDA00AC3BD9 /* ResultsTableViewCell.swift in Sources */ = {isa = PBXBuildFile; fileRef = 53D33EC624AA7CDA00AC3BD9 /* ResultsTableViewCell.swift */; };
/* End PBXBuildFile section */

/* Begin PBXContainerItemProxy section */
		53D33E9024AA12A200AC3BD9 /* PBXContainerItemProxy */ = {
			isa = PBXContainerItemProxy;
			containerPortal = 53D33E7124AA12A100AC3BD9 /* Project object */;
			proxyType = 1;
			remoteGlobalIDString = 53D33E7824AA12A100AC3BD9;
			remoteInfo = LastFMSearch;
		};
		53D33E9B24AA12A200AC3BD9 /* PBXContainerItemProxy */ = {
			isa = PBXContainerItemProxy;
			containerPortal = 53D33E7124AA12A100AC3BD9 /* Project object */;
			proxyType = 1;
			remoteGlobalIDString = 53D33E7824AA12A100AC3BD9;
			remoteInfo = LastFMSearch;
		};
/* End PBXContainerItemProxy section */

/* Begin PBXFileReference section */
		53CADACE24AB66D7005B1C46 /* MockURLSession.swift */ = {isa = PBXFileReference; lastKnownFileType = sourcecode.swift; path = MockURLSession.swift; sourceTree = "<group>"; };
		53CADAD024AB691E005B1C46 /* MockModel.swift */ = {isa = PBXFileReference; lastKnownFileType = sourcecode.swift; path = MockModel.swift; sourceTree = "<group>"; };
		53CADAD324AB7D01005B1C46 /* APITest.swift */ = {isa = PBXFileReference; lastKnownFileType = sourcecode.swift; path = APITest.swift; sourceTree = "<group>"; };
		53CADAD524AB7E7E005B1C46 /* EndPoint.swift */ = {isa = PBXFileReference; lastKnownFileType = sourcecode.swift; path = EndPoint.swift; sourceTree = "<group>"; };
		53D33E7924AA12A100AC3BD9 /* LastFMSearch.app */ = {isa = PBXFileReference; explicitFileType = wrapper.application; includeInIndex = 0; path = LastFMSearch.app; sourceTree = BUILT_PRODUCTS_DIR; };
		53D33E7C24AA12A100AC3BD9 /* AppDelegate.swift */ = {isa = PBXFileReference; lastKnownFileType = sourcecode.swift; path = AppDelegate.swift; sourceTree = "<group>"; };
		53D33E7E24AA12A100AC3BD9 /* SceneDelegate.swift */ = {isa = PBXFileReference; lastKnownFileType = sourcecode.swift; path = SceneDelegate.swift; sourceTree = "<group>"; };
		53D33E8024AA12A100AC3BD9 /* ViewController.swift */ = {isa = PBXFileReference; lastKnownFileType = sourcecode.swift; path = ViewController.swift; sourceTree = "<group>"; };
		53D33E8324AA12A100AC3BD9 /* Base */ = {isa = PBXFileReference; lastKnownFileType = file.storyboard; name = Base; path = Base.lproj/Main.storyboard; sourceTree = "<group>"; };
		53D33E8524AA12A200AC3BD9 /* Assets.xcassets */ = {isa = PBXFileReference; lastKnownFileType = folder.assetcatalog; path = Assets.xcassets; sourceTree = "<group>"; };
		53D33E8824AA12A200AC3BD9 /* Base */ = {isa = PBXFileReference; lastKnownFileType = file.storyboard; name = Base; path = Base.lproj/LaunchScreen.storyboard; sourceTree = "<group>"; };
		53D33E8A24AA12A200AC3BD9 /* Info.plist */ = {isa = PBXFileReference; lastKnownFileType = text.plist.xml; path = Info.plist; sourceTree = "<group>"; };
		53D33E8F24AA12A200AC3BD9 /* LastFMSearchTests.xctest */ = {isa = PBXFileReference; explicitFileType = wrapper.cfbundle; includeInIndex = 0; path = LastFMSearchTests.xctest; sourceTree = BUILT_PRODUCTS_DIR; };
		53D33E9324AA12A200AC3BD9 /* LastFMSearchTests.swift */ = {isa = PBXFileReference; lastKnownFileType = sourcecode.swift; path = LastFMSearchTests.swift; sourceTree = "<group>"; };
		53D33E9524AA12A200AC3BD9 /* Info.plist */ = {isa = PBXFileReference; lastKnownFileType = text.plist.xml; path = Info.plist; sourceTree = "<group>"; };
		53D33E9A24AA12A200AC3BD9 /* LastFMSearchUITests.xctest */ = {isa = PBXFileReference; explicitFileType = wrapper.cfbundle; includeInIndex = 0; path = LastFMSearchUITests.xctest; sourceTree = BUILT_PRODUCTS_DIR; };
		53D33E9E24AA12A200AC3BD9 /* LastFMSearchUITests.swift */ = {isa = PBXFileReference; lastKnownFileType = sourcecode.swift; path = LastFMSearchUITests.swift; sourceTree = "<group>"; };
		53D33EA024AA12A200AC3BD9 /* Info.plist */ = {isa = PBXFileReference; lastKnownFileType = text.plist.xml; path = Info.plist; sourceTree = "<group>"; };
		53D33EAC24AA732400AC3BD9 /* SearchResultViewController.swift */ = {isa = PBXFileReference; lastKnownFileType = sourcecode.swift; path = SearchResultViewController.swift; sourceTree = "<group>"; };
		53D33EAE24AA78B100AC3BD9 /* APIRequestProcessor.swift */ = {isa = PBXFileReference; lastKnownFileType = sourcecode.swift; path = APIRequestProcessor.swift; sourceTree = "<group>"; };
		53D33EB024AA78F100AC3BD9 /* URLConstructor.swift */ = {isa = PBXFileReference; lastKnownFileType = sourcecode.swift; path = URLConstructor.swift; sourceTree = "<group>"; };
		53D33EB224AA791D00AC3BD9 /* Header.swift */ = {isa = PBXFileReference; lastKnownFileType = sourcecode.swift; path = Header.swift; sourceTree = "<group>"; };
		53D33EB424AA7B1900AC3BD9 /* ResultTableViewModel.swift */ = {isa = PBXFileReference; lastKnownFileType = sourcecode.swift; path = ResultTableViewModel.swift; sourceTree = "<group>"; };
		53D33EB624AA7B5900AC3BD9 /* GCDHelper.swift */ = {isa = PBXFileReference; lastKnownFileType = sourcecode.swift; path = GCDHelper.swift; sourceTree = "<group>"; };
		53D33EB824AA7B7800AC3BD9 /* UIImage+Extension.swift */ = {isa = PBXFileReference; lastKnownFileType = sourcecode.swift; path = "UIImage+Extension.swift"; sourceTree = "<group>"; };
		53D33EBA24AA7B9D00AC3BD9 /* Artist.swift */ = {isa = PBXFileReference; lastKnownFileType = sourcecode.swift; path = Artist.swift; sourceTree = "<group>"; };
		53D33EBC24AA7BD000AC3BD9 /* Track.swift */ = {isa = PBXFileReference; lastKnownFileType = sourcecode.swift; path = Track.swift; sourceTree = "<group>"; };
		53D33EBE24AA7BEF00AC3BD9 /* Album.swift */ = {isa = PBXFileReference; lastKnownFileType = sourcecode.swift; path = Album.swift; sourceTree = "<group>"; };
		53D33EC024AA7C0800AC3BD9 /* Image.swift */ = {isa = PBXFileReference; lastKnownFileType = sourcecode.swift; path = Image.swift; sourceTree = "<group>"; };
		53D33EC224AA7C1C00AC3BD9 /* Results.swift */ = {isa = PBXFileReference; lastKnownFileType = sourcecode.swift; path = Results.swift; sourceTree = "<group>"; };
		53D33EC424AA7C5200AC3BD9 /* ResultBuilder.swift */ = {isa = PBXFileReference; lastKnownFileType = sourcecode.swift; path = ResultBuilder.swift; sourceTree = "<group>"; };
		53D33EC624AA7CDA00AC3BD9 /* ResultsTableViewCell.swift */ = {isa = PBXFileReference; lastKnownFileType = sourcecode.swift; path = ResultsTableViewCell.swift; sourceTree = "<group>"; };
/* End PBXFileReference section */

/* Begin PBXFrameworksBuildPhase section */
		53D33E7624AA12A100AC3BD9 /* Frameworks */ = {
			isa = PBXFrameworksBuildPhase;
			buildActionMask = 2147483647;
			files = (
			);
			runOnlyForDeploymentPostprocessing = 0;
		};
		53D33E8C24AA12A200AC3BD9 /* Frameworks */ = {
			isa = PBXFrameworksBuildPhase;
			buildActionMask = 2147483647;
			files = (
			);
			runOnlyForDeploymentPostprocessing = 0;
		};
		53D33E9724AA12A200AC3BD9 /* Frameworks */ = {
			isa = PBXFrameworksBuildPhase;
			buildActionMask = 2147483647;
			files = (
			);
			runOnlyForDeploymentPostprocessing = 0;
		};
/* End PBXFrameworksBuildPhase section */

/* Begin PBXGroup section */
		53D33E7024AA12A100AC3BD9 = {
			isa = PBXGroup;
			children = (
				53D33E7B24AA12A100AC3BD9 /* LastFMSearch */,
				53D33E9224AA12A200AC3BD9 /* LastFMSearchTests */,
				53D33E9D24AA12A200AC3BD9 /* LastFMSearchUITests */,
				53D33E7A24AA12A100AC3BD9 /* Products */,
			);
			sourceTree = "<group>";
		};
		53D33E7A24AA12A100AC3BD9 /* Products */ = {
			isa = PBXGroup;
			children = (
				53D33E7924AA12A100AC3BD9 /* LastFMSearch.app */,
				53D33E8F24AA12A200AC3BD9 /* LastFMSearchTests.xctest */,
				53D33E9A24AA12A200AC3BD9 /* LastFMSearchUITests.xctest */,
			);
			name = Products;
			sourceTree = "<group>";
		};
		53D33E7B24AA12A100AC3BD9 /* LastFMSearch */ = {
			isa = PBXGroup;
			children = (
				53D33E7C24AA12A100AC3BD9 /* AppDelegate.swift */,
				53D33EB024AA78F100AC3BD9 /* URLConstructor.swift */,
				53D33EB224AA791D00AC3BD9 /* Header.swift */,
				53D33E7E24AA12A100AC3BD9 /* SceneDelegate.swift */,
				53D33E8024AA12A100AC3BD9 /* ViewController.swift */,
				53D33EB424AA7B1900AC3BD9 /* ResultTableViewModel.swift */,
				53D33EC624AA7CDA00AC3BD9 /* ResultsTableViewCell.swift */,
				53D33EB624AA7B5900AC3BD9 /* GCDHelper.swift */,
				53D33EB824AA7B7800AC3BD9 /* UIImage+Extension.swift */,
				53D33EBA24AA7B9D00AC3BD9 /* Artist.swift */,
				53D33EBC24AA7BD000AC3BD9 /* Track.swift */,
				53D33EBE24AA7BEF00AC3BD9 /* Album.swift */,
				53D33EC024AA7C0800AC3BD9 /* Image.swift */,
				53D33EC224AA7C1C00AC3BD9 /* Results.swift */,
				53D33EC424AA7C5200AC3BD9 /* ResultBuilder.swift */,
				53D33E8224AA12A100AC3BD9 /* Main.storyboard */,
				53D33EAC24AA732400AC3BD9 /* SearchResultViewController.swift */,
				53D33EAE24AA78B100AC3BD9 /* APIRequestProcessor.swift */,
				53D33E8524AA12A200AC3BD9 /* Assets.xcassets */,
				53D33E8724AA12A200AC3BD9 /* LaunchScreen.storyboard */,
				53D33E8A24AA12A200AC3BD9 /* Info.plist */,
			);
			path = LastFMSearch;
			sourceTree = "<group>";
		};
		53D33E9224AA12A200AC3BD9 /* LastFMSearchTests */ = {
			isa = PBXGroup;
			children = (
				53D33E9324AA12A200AC3BD9 /* LastFMSearchTests.swift */,
				53D33E9524AA12A200AC3BD9 /* Info.plist */,
				53CADACE24AB66D7005B1C46 /* MockURLSession.swift */,
				53CADAD324AB7D01005B1C46 /* APITest.swift */,
				53CADAD524AB7E7E005B1C46 /* EndPoint.swift */,
				53CADAD024AB691E005B1C46 /* MockModel.swift */,
			);
			path = LastFMSearchTests;
			sourceTree = "<group>";
		};
		53D33E9D24AA12A200AC3BD9 /* LastFMSearchUITests */ = {
			isa = PBXGroup;
			children = (
				53D33E9E24AA12A200AC3BD9 /* LastFMSearchUITests.swift */,
				53D33EA024AA12A200AC3BD9 /* Info.plist */,
			);
			path = LastFMSearchUITests;
			sourceTree = "<group>";
		};
/* End PBXGroup section */

/* Begin PBXNativeTarget section */
		53D33E7824AA12A100AC3BD9 /* LastFMSearch */ = {
			isa = PBXNativeTarget;
			buildConfigurationList = 53D33EA324AA12A200AC3BD9 /* Build configuration list for PBXNativeTarget "LastFMSearch" */;
			buildPhases = (
				53D33E7524AA12A100AC3BD9 /* Sources */,
				53D33E7624AA12A100AC3BD9 /* Frameworks */,
				53D33E7724AA12A100AC3BD9 /* Resources */,
			);
			buildRules = (
			);
			dependencies = (
			);
			name = LastFMSearch;
			productName = LastFMSearch;
			productReference = 53D33E7924AA12A100AC3BD9 /* LastFMSearch.app */;
			productType = "com.apple.product-type.application";
		};
		53D33E8E24AA12A200AC3BD9 /* LastFMSearchTests */ = {
			isa = PBXNativeTarget;
			buildConfigurationList = 53D33EA624AA12A200AC3BD9 /* Build configuration list for PBXNativeTarget "LastFMSearchTests" */;
			buildPhases = (
				53D33E8B24AA12A200AC3BD9 /* Sources */,
				53D33E8C24AA12A200AC3BD9 /* Frameworks */,
				53D33E8D24AA12A200AC3BD9 /* Resources */,
			);
			buildRules = (
			);
			dependencies = (
				53D33E9124AA12A200AC3BD9 /* PBXTargetDependency */,
			);
			name = LastFMSearchTests;
			productName = LastFMSearchTests;
			productReference = 53D33E8F24AA12A200AC3BD9 /* LastFMSearchTests.xctest */;
			productType = "com.apple.product-type.bundle.unit-test";
		};
		53D33E9924AA12A200AC3BD9 /* LastFMSearchUITests */ = {
			isa = PBXNativeTarget;
			buildConfigurationList = 53D33EA924AA12A200AC3BD9 /* Build configuration list for PBXNativeTarget "LastFMSearchUITests" */;
			buildPhases = (
				53D33E9624AA12A200AC3BD9 /* Sources */,
				53D33E9724AA12A200AC3BD9 /* Frameworks */,
				53D33E9824AA12A200AC3BD9 /* Resources */,
			);
			buildRules = (
			);
			dependencies = (
				53D33E9C24AA12A200AC3BD9 /* PBXTargetDependency */,
			);
			name = LastFMSearchUITests;
			productName = LastFMSearchUITests;
			productReference = 53D33E9A24AA12A200AC3BD9 /* LastFMSearchUITests.xctest */;
			productType = "com.apple.product-type.bundle.ui-testing";
		};
/* End PBXNativeTarget section */

/* Begin PBXProject section */
		53D33E7124AA12A100AC3BD9 /* Project object */ = {
			isa = PBXProject;
			attributes = {
				LastSwiftUpdateCheck = 1140;
				LastUpgradeCheck = 1140;
				ORGANIZATIONNAME = umapalanivel;
				TargetAttributes = {
					53D33E7824AA12A100AC3BD9 = {
						CreatedOnToolsVersion = 11.4.1;
					};
					53D33E8E24AA12A200AC3BD9 = {
						CreatedOnToolsVersion = 11.4.1;
						TestTargetID = 53D33E7824AA12A100AC3BD9;
					};
					53D33E9924AA12A200AC3BD9 = {
						CreatedOnToolsVersion = 11.4.1;
						TestTargetID = 53D33E7824AA12A100AC3BD9;
					};
				};
			};
			buildConfigurationList = 53D33E7424AA12A100AC3BD9 /* Build configuration list for PBXProject "LastFMSearch" */;
			compatibilityVersion = "Xcode 9.3";
			developmentRegion = en;
			hasScannedForEncodings = 0;
			knownRegions = (
				en,
				Base,
			);
			mainGroup = 53D33E7024AA12A100AC3BD9;
			productRefGroup = 53D33E7A24AA12A100AC3BD9 /* Products */;
			projectDirPath = "";
			projectRoot = "";
			targets = (
				53D33E7824AA12A100AC3BD9 /* LastFMSearch */,
				53D33E8E24AA12A200AC3BD9 /* LastFMSearchTests */,
				53D33E9924AA12A200AC3BD9 /* LastFMSearchUITests */,
			);
		};
/* End PBXProject section */

/* Begin PBXResourcesBuildPhase section */
		53D33E7724AA12A100AC3BD9 /* Resources */ = {
			isa = PBXResourcesBuildPhase;
			buildActionMask = 2147483647;
			files = (
				53D33E8924AA12A200AC3BD9 /* LaunchScreen.storyboard in Resources */,
				53D33E8624AA12A200AC3BD9 /* Assets.xcassets in Resources */,
				53D33E8424AA12A100AC3BD9 /* Main.storyboard in Resources */,
			);
			runOnlyForDeploymentPostprocessing = 0;
		};
		53D33E8D24AA12A200AC3BD9 /* Resources */ = {
			isa = PBXResourcesBuildPhase;
			buildActionMask = 2147483647;
			files = (
			);
			runOnlyForDeploymentPostprocessing = 0;
		};
		53D33E9824AA12A200AC3BD9 /* Resources */ = {
			isa = PBXResourcesBuildPhase;
			buildActionMask = 2147483647;
			files = (
			);
			runOnlyForDeploymentPostprocessing = 0;
		};
/* End PBXResourcesBuildPhase section */

/* Begin PBXSourcesBuildPhase section */
		53D33E7524AA12A100AC3BD9 /* Sources */ = {
			isa = PBXSourcesBuildPhase;
			buildActionMask = 2147483647;
			files = (
				53D33EBF24AA7BEF00AC3BD9 /* Album.swift in Sources */,
				53D33EB524AA7B1900AC3BD9 /* ResultTableViewModel.swift in Sources */,
				53D33EB124AA78F100AC3BD9 /* URLConstructor.swift in Sources */,
				53D33E8124AA12A100AC3BD9 /* ViewController.swift in Sources */,
				53D33EC524AA7C5200AC3BD9 /* ResultBuilder.swift in Sources */,
				53D33E7D24AA12A100AC3BD9 /* AppDelegate.swift in Sources */,
				53D33EB724AA7B5900AC3BD9 /* GCDHelper.swift in Sources */,
				53D33EB324AA791D00AC3BD9 /* Header.swift in Sources */,
				53D33EC724AA7CDA00AC3BD9 /* ResultsTableViewCell.swift in Sources */,
				53D33EC124AA7C0800AC3BD9 /* Image.swift in Sources */,
				53D33EAF24AA78B100AC3BD9 /* APIRequestProcessor.swift in Sources */,
				53D33EC324AA7C1C00AC3BD9 /* Results.swift in Sources */,
				53D33EB924AA7B7800AC3BD9 /* UIImage+Extension.swift in Sources */,
				53D33EAD24AA732400AC3BD9 /* SearchResultViewController.swift in Sources */,
				53D33E7F24AA12A100AC3BD9 /* SceneDelegate.swift in Sources */,
				53D33EBB24AA7B9D00AC3BD9 /* Artist.swift in Sources */,
				53D33EBD24AA7BD000AC3BD9 /* Track.swift in Sources */,
			);
			runOnlyForDeploymentPostprocessing = 0;
		};
		53D33E8B24AA12A200AC3BD9 /* Sources */ = {
			isa = PBXSourcesBuildPhase;
			buildActionMask = 2147483647;
			files = (
				53CADAD124AB691E005B1C46 /* MockModel.swift in Sources */,
				53CADACF24AB66D7005B1C46 /* MockURLSession.swift in Sources */,
				53CADAD624AB7E7E005B1C46 /* EndPoint.swift in Sources */,
				53CADAD424AB7D01005B1C46 /* APITest.swift in Sources */,
				53D33E9424AA12A200AC3BD9 /* LastFMSearchTests.swift in Sources */,
			);
			runOnlyForDeploymentPostprocessing = 0;
		};
		53D33E9624AA12A200AC3BD9 /* Sources */ = {
			isa = PBXSourcesBuildPhase;
			buildActionMask = 2147483647;
			files = (
				53D33E9F24AA12A200AC3BD9 /* LastFMSearchUITests.swift in Sources */,
			);
			runOnlyForDeploymentPostprocessing = 0;
		};
/* End PBXSourcesBuildPhase section */

/* Begin PBXTargetDependency section */
		53D33E9124AA12A200AC3BD9 /* PBXTargetDependency */ = {
			isa = PBXTargetDependency;
			target = 53D33E7824AA12A100AC3BD9 /* LastFMSearch */;
			targetProxy = 53D33E9024AA12A200AC3BD9 /* PBXContainerItemProxy */;
		};
		53D33E9C24AA12A200AC3BD9 /* PBXTargetDependency */ = {
			isa = PBXTargetDependency;
			target = 53D33E7824AA12A100AC3BD9 /* LastFMSearch */;
			targetProxy = 53D33E9B24AA12A200AC3BD9 /* PBXContainerItemProxy */;
		};
/* End PBXTargetDependency section */

/* Begin PBXVariantGroup section */
		53D33E8224AA12A100AC3BD9 /* Main.storyboard */ = {
			isa = PBXVariantGroup;
			children = (
				53D33E8324AA12A100AC3BD9 /* Base */,
			);
			name = Main.storyboard;
			sourceTree = "<group>";
		};
		53D33E8724AA12A200AC3BD9 /* LaunchScreen.storyboard */ = {
			isa = PBXVariantGroup;
			children = (
				53D33E8824AA12A200AC3BD9 /* Base */,
			);
			name = LaunchScreen.storyboard;
			sourceTree = "<group>";
		};
/* End PBXVariantGroup section */

/* Begin XCBuildConfiguration section */
		53D33EA124AA12A200AC3BD9 /* Debug */ = {
			isa = XCBuildConfiguration;
			buildSettings = {
				ALWAYS_SEARCH_USER_PATHS = NO;
				CLANG_ANALYZER_NONNULL = YES;
				CLANG_ANALYZER_NUMBER_OBJECT_CONVERSION = YES_AGGRESSIVE;
				CLANG_CXX_LANGUAGE_STANDARD = "gnu++14";
				CLANG_CXX_LIBRARY = "libc++";
				CLANG_ENABLE_MODULES = YES;
				CLANG_ENABLE_OBJC_ARC = YES;
				CLANG_ENABLE_OBJC_WEAK = YES;
				CLANG_WARN_BLOCK_CAPTURE_AUTORELEASING = YES;
				CLANG_WARN_BOOL_CONVERSION = YES;
				CLANG_WARN_COMMA = YES;
				CLANG_WARN_CONSTANT_CONVERSION = YES;
				CLANG_WARN_DEPRECATED_OBJC_IMPLEMENTATIONS = YES;
				CLANG_WARN_DIRECT_OBJC_ISA_USAGE = YES_ERROR;
				CLANG_WARN_DOCUMENTATION_COMMENTS = YES;
				CLANG_WARN_EMPTY_BODY = YES;
				CLANG_WARN_ENUM_CONVERSION = YES;
				CLANG_WARN_INFINITE_RECURSION = YES;
				CLANG_WARN_INT_CONVERSION = YES;
				CLANG_WARN_NON_LITERAL_NULL_CONVERSION = YES;
				CLANG_WARN_OBJC_IMPLICIT_RETAIN_SELF = YES;
				CLANG_WARN_OBJC_LITERAL_CONVERSION = YES;
				CLANG_WARN_OBJC_ROOT_CLASS = YES_ERROR;
				CLANG_WARN_RANGE_LOOP_ANALYSIS = YES;
				CLANG_WARN_STRICT_PROTOTYPES = YES;
				CLANG_WARN_SUSPICIOUS_MOVE = YES;
				CLANG_WARN_UNGUARDED_AVAILABILITY = YES_AGGRESSIVE;
				CLANG_WARN_UNREACHABLE_CODE = YES;
				CLANG_WARN__DUPLICATE_METHOD_MATCH = YES;
				COPY_PHASE_STRIP = NO;
				DEBUG_INFORMATION_FORMAT = dwarf;
				ENABLE_STRICT_OBJC_MSGSEND = YES;
				ENABLE_TESTABILITY = YES;
				GCC_C_LANGUAGE_STANDARD = gnu11;
				GCC_DYNAMIC_NO_PIC = NO;
				GCC_NO_COMMON_BLOCKS = YES;
				GCC_OPTIMIZATION_LEVEL = 0;
				GCC_PREPROCESSOR_DEFINITIONS = (
					"DEBUG=1",
					"$(inherited)",
				);
				GCC_WARN_64_TO_32_BIT_CONVERSION = YES;
				GCC_WARN_ABOUT_RETURN_TYPE = YES_ERROR;
				GCC_WARN_UNDECLARED_SELECTOR = YES;
				GCC_WARN_UNINITIALIZED_AUTOS = YES_AGGRESSIVE;
				GCC_WARN_UNUSED_FUNCTION = YES;
				GCC_WARN_UNUSED_VARIABLE = YES;
				IPHONEOS_DEPLOYMENT_TARGET = 13.4;
				MTL_ENABLE_DEBUG_INFO = INCLUDE_SOURCE;
				MTL_FAST_MATH = YES;
				ONLY_ACTIVE_ARCH = YES;
				SDKROOT = iphoneos;
				SWIFT_ACTIVE_COMPILATION_CONDITIONS = DEBUG;
				SWIFT_OPTIMIZATION_LEVEL = "-Onone";
			};
			name = Debug;
		};
		53D33EA224AA12A200AC3BD9 /* Release */ = {
			isa = XCBuildConfiguration;
			buildSettings = {
				ALWAYS_SEARCH_USER_PATHS = NO;
				CLANG_ANALYZER_NONNULL = YES;
				CLANG_ANALYZER_NUMBER_OBJECT_CONVERSION = YES_AGGRESSIVE;
				CLANG_CXX_LANGUAGE_STANDARD = "gnu++14";
				CLANG_CXX_LIBRARY = "libc++";
				CLANG_ENABLE_MODULES = YES;
				CLANG_ENABLE_OBJC_ARC = YES;
				CLANG_ENABLE_OBJC_WEAK = YES;
				CLANG_WARN_BLOCK_CAPTURE_AUTORELEASING = YES;
				CLANG_WARN_BOOL_CONVERSION = YES;
				CLANG_WARN_COMMA = YES;
				CLANG_WARN_CONSTANT_CONVERSION = YES;
				CLANG_WARN_DEPRECATED_OBJC_IMPLEMENTATIONS = YES;
				CLANG_WARN_DIRECT_OBJC_ISA_USAGE = YES_ERROR;
				CLANG_WARN_DOCUMENTATION_COMMENTS = YES;
				CLANG_WARN_EMPTY_BODY = YES;
				CLANG_WARN_ENUM_CONVERSION = YES;
				CLANG_WARN_INFINITE_RECURSION = YES;
				CLANG_WARN_INT_CONVERSION = YES;
				CLANG_WARN_NON_LITERAL_NULL_CONVERSION = YES;
				CLANG_WARN_OBJC_IMPLICIT_RETAIN_SELF = YES;
				CLANG_WARN_OBJC_LITERAL_CONVERSION = YES;
				CLANG_WARN_OBJC_ROOT_CLASS = YES_ERROR;
				CLANG_WARN_RANGE_LOOP_ANALYSIS = YES;
				CLANG_WARN_STRICT_PROTOTYPES = YES;
				CLANG_WARN_SUSPICIOUS_MOVE = YES;
				CLANG_WARN_UNGUARDED_AVAILABILITY = YES_AGGRESSIVE;
				CLANG_WARN_UNREACHABLE_CODE = YES;
				CLANG_WARN__DUPLICATE_METHOD_MATCH = YES;
				COPY_PHASE_STRIP = NO;
				DEBUG_INFORMATION_FORMAT = "dwarf-with-dsym";
				ENABLE_NS_ASSERTIONS = NO;
				ENABLE_STRICT_OBJC_MSGSEND = YES;
				GCC_C_LANGUAGE_STANDARD = gnu11;
				GCC_NO_COMMON_BLOCKS = YES;
				GCC_WARN_64_TO_32_BIT_CONVERSION = YES;
				GCC_WARN_ABOUT_RETURN_TYPE = YES_ERROR;
				GCC_WARN_UNDECLARED_SELECTOR = YES;
				GCC_WARN_UNINITIALIZED_AUTOS = YES_AGGRESSIVE;
				GCC_WARN_UNUSED_FUNCTION = YES;
				GCC_WARN_UNUSED_VARIABLE = YES;
				IPHONEOS_DEPLOYMENT_TARGET = 13.4;
				MTL_ENABLE_DEBUG_INFO = NO;
				MTL_FAST_MATH = YES;
				SDKROOT = iphoneos;
				SWIFT_COMPILATION_MODE = wholemodule;
				SWIFT_OPTIMIZATION_LEVEL = "-O";
				VALIDATE_PRODUCT = YES;
			};
			name = Release;
		};
		53D33EA424AA12A200AC3BD9 /* Debug */ = {
			isa = XCBuildConfiguration;
			buildSettings = {
				ASSETCATALOG_COMPILER_APPICON_NAME = AppIcon;
				CODE_SIGN_STYLE = Automatic;
				INFOPLIST_FILE = LastFMSearch/Info.plist;
				IPHONEOS_DEPLOYMENT_TARGET = 13.0;
				LD_RUNPATH_SEARCH_PATHS = (
					"$(inherited)",
					"@executable_path/Frameworks",
				);
				MACOSX_DEPLOYMENT_TARGET = 10.13;
				PRODUCT_BUNDLE_IDENTIFIER = com.home.LastFMSearch;
				PRODUCT_NAME = "$(TARGET_NAME)";
				SWIFT_VERSION = 5.0;
				TARGETED_DEVICE_FAMILY = "1,2";
			};
			name = Debug;
		};
		53D33EA524AA12A200AC3BD9 /* Release */ = {
			isa = XCBuildConfiguration;
			buildSettings = {
				ASSETCATALOG_COMPILER_APPICON_NAME = AppIcon;
				CODE_SIGN_STYLE = Automatic;
				INFOPLIST_FILE = LastFMSearch/Info.plist;
				IPHONEOS_DEPLOYMENT_TARGET = 13.0;
				LD_RUNPATH_SEARCH_PATHS = (
					"$(inherited)",
					"@executable_path/Frameworks",
				);
				MACOSX_DEPLOYMENT_TARGET = 10.13;
				PRODUCT_BUNDLE_IDENTIFIER = com.home.LastFMSearch;
				PRODUCT_NAME = "$(TARGET_NAME)";
				SWIFT_VERSION = 5.0;
				TARGETED_DEVICE_FAMILY = "1,2";
			};
			name = Release;
		};
		53D33EA724AA12A200AC3BD9 /* Debug */ = {
			isa = XCBuildConfiguration;
			buildSettings = {
				ALWAYS_EMBED_SWIFT_STANDARD_LIBRARIES = YES;
				BUNDLE_LOADER = "$(TEST_HOST)";
				CODE_SIGN_STYLE = Automatic;
				INFOPLIST_FILE = LastFMSearchTests/Info.plist;
				IPHONEOS_DEPLOYMENT_TARGET = 13.0;
				LD_RUNPATH_SEARCH_PATHS = (
					"$(inherited)",
					"@executable_path/Frameworks",
					"@loader_path/Frameworks",
				);
				PRODUCT_BUNDLE_IDENTIFIER = com.home.LastFMSearchTests;
				PRODUCT_NAME = "$(TARGET_NAME)";
				SWIFT_VERSION = 5.0;
				TARGETED_DEVICE_FAMILY = "1,2";
				TEST_HOST = "$(BUILT_PRODUCTS_DIR)/LastFMSearch.app/LastFMSearch";
			};
			name = Debug;
		};
		53D33EA824AA12A200AC3BD9 /* Release */ = {
			isa = XCBuildConfiguration;
			buildSettings = {
				ALWAYS_EMBED_SWIFT_STANDARD_LIBRARIES = YES;
				BUNDLE_LOADER = "$(TEST_HOST)";
				CODE_SIGN_STYLE = Automatic;
				INFOPLIST_FILE = LastFMSearchTests/Info.plist;
				IPHONEOS_DEPLOYMENT_TARGET = 13.0;
				LD_RUNPATH_SEARCH_PATHS = (
					"$(inherited)",
					"@executable_path/Frameworks",
					"@loader_path/Frameworks",
				);
				PRODUCT_BUNDLE_IDENTIFIER = com.home.LastFMSearchTests;
				PRODUCT_NAME = "$(TARGET_NAME)";
				SWIFT_VERSION = 5.0;
				TARGETED_DEVICE_FAMILY = "1,2";
				TEST_HOST = "$(BUILT_PRODUCTS_DIR)/LastFMSearch.app/LastFMSearch";
			};
			name = Release;
		};
		53D33EAA24AA12A200AC3BD9 /* Debug */ = {
			isa = XCBuildConfiguration;
			buildSettings = {
				ALWAYS_EMBED_SWIFT_STANDARD_LIBRARIES = YES;
				CODE_SIGN_STYLE = Automatic;
				INFOPLIST_FILE = LastFMSearchUITests/Info.plist;
				LD_RUNPATH_SEARCH_PATHS = (
					"$(inherited)",
					"@executable_path/Frameworks",
					"@loader_path/Frameworks",
				);
				PRODUCT_BUNDLE_IDENTIFIER = com.home.LastFMSearchUITests;
				PRODUCT_NAME = "$(TARGET_NAME)";
				SWIFT_VERSION = 5.0;
				TARGETED_DEVICE_FAMILY = "1,2";
				TEST_TARGET_NAME = LastFMSearch;
			};
			name = Debug;
		};
		53D33EAB24AA12A200AC3BD9 /* Release */ = {
			isa = XCBuildConfiguration;
			buildSettings = {
				ALWAYS_EMBED_SWIFT_STANDARD_LIBRARIES = YES;
				CODE_SIGN_STYLE = Automatic;
				INFOPLIST_FILE = LastFMSearchUITests/Info.plist;
				LD_RUNPATH_SEARCH_PATHS = (
					"$(inherited)",
					"@executable_path/Frameworks",
					"@loader_path/Frameworks",
				);
				PRODUCT_BUNDLE_IDENTIFIER = com.home.LastFMSearchUITests;
				PRODUCT_NAME = "$(TARGET_NAME)";
				SWIFT_VERSION = 5.0;
				TARGETED_DEVICE_FAMILY = "1,2";
				TEST_TARGET_NAME = LastFMSearch;
			};
			name = Release;
		};
/* End XCBuildConfiguration section */

/* Begin XCConfigurationList section */
		53D33E7424AA12A100AC3BD9 /* Build configuration list for PBXProject "LastFMSearch" */ = {
			isa = XCConfigurationList;
			buildConfigurations = (
				53D33EA124AA12A200AC3BD9 /* Debug */,
				53D33EA224AA12A200AC3BD9 /* Release */,
			);
			defaultConfigurationIsVisible = 0;
			defaultConfigurationName = Release;
		};
		53D33EA324AA12A200AC3BD9 /* Build configuration list for PBXNativeTarget "LastFMSearch" */ = {
			isa = XCConfigurationList;
			buildConfigurations = (
				53D33EA424AA12A200AC3BD9 /* Debug */,
				53D33EA524AA12A200AC3BD9 /* Release */,
			);
			defaultConfigurationIsVisible = 0;
			defaultConfigurationName = Release;
		};
		53D33EA624AA12A200AC3BD9 /* Build configuration list for PBXNativeTarget "LastFMSearchTests" */ = {
			isa = XCConfigurationList;
			buildConfigurations = (
				53D33EA724AA12A200AC3BD9 /* Debug */,
				53D33EA824AA12A200AC3BD9 /* Release */,
			);
			defaultConfigurationIsVisible = 0;
			defaultConfigurationName = Release;
		};
		53D33EA924AA12A200AC3BD9 /* Build configuration list for PBXNativeTarget "LastFMSearchUITests" */ = {
			isa = XCConfigurationList;
			buildConfigurations = (
				53D33EAA24AA12A200AC3BD9 /* Debug */,
				53D33EAB24AA12A200AC3BD9 /* Release */,
			);
			defaultConfigurationIsVisible = 0;
			defaultConfigurationName = Release;
		};
/* End XCConfigurationList section */
	};
	rootObject = 53D33E7124AA12A100AC3BD9 /* Project object */;
}
